
Microsoft Visual Studio Solution File, Format Version 12.00
# Visual Studio 15
Project("{FAE04EC0-301F-11D3-BF4B-00C04F79EFBC}") = "GamblingSimulation", "GamblingSimulation\GamblingSimulation.csproj", "{553D08FF-3F06-4AF2-8F15-4EDCA78B0795}"
EndProject
Global
	GlobalSection(SolutionConfigurationPlatforms) = preSolution
		Debug|Any CPU = Debug|Any CPU
		Release|Any CPU = Release|Any CPU
	EndGlobalSection
	GlobalSection(ProjectConfigurationPlatforms) = postSolution
		{553D08FF-3F06-4AF2-8F15-4EDCA78B0795}.Debug|Any CPU.ActiveCfg = Debug|Any CPU
		{553D08FF-3F06-4AF2-8F15-4EDCA78B0795}.Debug|Any CPU.Build.0 = Debug|Any CPU
		{553D08FF-3F06-4AF2-8F15-4EDCA78B0795}.Release|Any CPU.ActiveCfg = Release|Any CPU
		{553D08FF-3F06-4AF2-8F15-4EDCA78B0795}.Release|Any CPU.Build.0 = Release|Any CPU
	EndGlobalSection
EndGlobal
